{
  "name": "@emendai-beta/utim",
  "version": "1.46.40",
  "lockfileVersion": 3,
  "requires": true,
  "packages": {
    "": {
      "name": "@emendai-beta/utim",
      "version": "1.46.40",
      "hasInstallScript": true,
      "license": "MIT",
      "bin": {
        "utim": "bin/utim.js"
      },
      "engines": {
        "node": ">=16.0.0"
      }
    }
  }
}
